
Microsoft Visual Studio Solution File, Format Version 12.00
# Visual Studio 2015
Project("{FAE04EC0-301F-11D3-BF4B-00C04F79EFBC}") = "Sengoku2d.Plugins", "Sengoku2d.Plugins.csproj", "{A5CD69A7-E099-183C-63A6-773727F6A224}"
EndProject
Project("{FAE04EC0-301F-11D3-BF4B-00C04F79EFBC}") = "Sengoku2d", "Sengoku2d.csproj", "{101567FA-9F41-34E7-AB62-9215CE8590BB}"
EndProject
Project("{FAE04EC0-301F-11D3-BF4B-00C04F79EFBC}") = "Sengoku2d.Editor.Plugins", "Sengoku2d.Editor.Plugins.csproj", "{C6E5FE59-92CE-A6E3-1234-4FA2F26B4C81}"
EndProject
Project("{FAE04EC0-301F-11D3-BF4B-00C04F79EFBC}") = "Sengoku2d.Editor", "Sengoku2d.Editor.csproj", "{4CDD4C1E-40E0-B012-EFFF-6041E98C9DFE}"
EndProject
Global
	GlobalSection(SolutionConfigurationPlatforms) = preSolution
		Debug|Any CPU = Debug|Any CPU
		Release|Any CPU = Release|Any CPU
	EndGlobalSection
	GlobalSection(ProjectConfigurationPlatforms) = postSolution
		{A5CD69A7-E099-183C-63A6-773727F6A224}.Debug|Any CPU.ActiveCfg = Debug|Any CPU
		{A5CD69A7-E099-183C-63A6-773727F6A224}.Debug|Any CPU.Build.0 = Debug|Any CPU
		{A5CD69A7-E099-183C-63A6-773727F6A224}.Release|Any CPU.ActiveCfg = Release|Any CPU
		{A5CD69A7-E099-183C-63A6-773727F6A224}.Release|Any CPU.Build.0 = Release|Any CPU
		{101567FA-9F41-34E7-AB62-9215CE8590BB}.Debug|Any CPU.ActiveCfg = Debug|Any CPU
		{101567FA-9F41-34E7-AB62-9215CE8590BB}.Debug|Any CPU.Build.0 = Debug|Any CPU
		{101567FA-9F41-34E7-AB62-9215CE8590BB}.Release|Any CPU.ActiveCfg = Release|Any CPU
		{101567FA-9F41-34E7-AB62-9215CE8590BB}.Release|Any CPU.Build.0 = Release|Any CPU
		{C6E5FE59-92CE-A6E3-1234-4FA2F26B4C81}.Debug|Any CPU.ActiveCfg = Debug|Any CPU
		{C6E5FE59-92CE-A6E3-1234-4FA2F26B4C81}.Debug|Any CPU.Build.0 = Debug|Any CPU
		{C6E5FE59-92CE-A6E3-1234-4FA2F26B4C81}.Release|Any CPU.ActiveCfg = Release|Any CPU
		{C6E5FE59-92CE-A6E3-1234-4FA2F26B4C81}.Release|Any CPU.Build.0 = Release|Any CPU
		{4CDD4C1E-40E0-B012-EFFF-6041E98C9DFE}.Debug|Any CPU.ActiveCfg = Debug|Any CPU
		{4CDD4C1E-40E0-B012-EFFF-6041E98C9DFE}.Debug|Any CPU.Build.0 = Debug|Any CPU
		{4CDD4C1E-40E0-B012-EFFF-6041E98C9DFE}.Release|Any CPU.ActiveCfg = Release|Any CPU
		{4CDD4C1E-40E0-B012-EFFF-6041E98C9DFE}.Release|Any CPU.Build.0 = Release|Any CPU
	EndGlobalSection
	GlobalSection(SolutionProperties) = preSolution
		HideSolutionNode = FALSE
	EndGlobalSection
EndGlobal
